
Microsoft Visual Studio Solution File, Format Version 12.00
# Visual Studio Version 17
VisualStudioVersion = 17.0.31903.59
MinimumVisualStudioVersion = 10.0.40219.1
Project("{FAE04EC0-301F-11D3-BF4B-00C04F79EFBC}") = "AbbRelaysLicensing", "AbbRelaysLicensing\AbbRelaysLicensing.csproj", "{803E7F50-354B-42B4-A275-1343D27EE09A}"
EndProject
Project("{FAE04EC0-301F-11D3-BF4B-00C04F79EFBC}") = "AbbRelaysOfflineConfigurator", "AbbRelaysOfflineConfigurator\AbbRelaysOfflineConfigurator.csproj", "{B792D08F-414F-463B-82C4-BEFAB4E94C7C}"
EndProject
Project("{FAE04EC0-301F-11D3-BF4B-00C04F79EFBC}") = "AbbRelaysAuthorizationTool", "AbbRelaysAuthorizationTool\AbbRelaysAuthorizationTool.csproj", "{1AD85024-C04E-46D8-A730-C74469C78FA2}"
EndProject
Global
	GlobalSection(SolutionConfigurationPlatforms) = preSolution
		Debug|Any CPU = Debug|Any CPU
		Debug|x64 = Debug|x64
		Debug|x86 = Debug|x86
		Release|Any CPU = Release|Any CPU
		Release|x64 = Release|x64
		Release|x86 = Release|x86
	EndGlobalSection
	GlobalSection(ProjectConfigurationPlatforms) = postSolution
		{803E7F50-354B-42B4-A275-1343D27EE09A}.Debug|Any CPU.ActiveCfg = Debug|Any CPU
		{803E7F50-354B-42B4-A275-1343D27EE09A}.Debug|Any CPU.Build.0 = Debug|Any CPU
		{803E7F50-354B-42B4-A275-1343D27EE09A}.Debug|x64.ActiveCfg = Debug|Any CPU
		{803E7F50-354B-42B4-A275-1343D27EE09A}.Debug|x64.Build.0 = Debug|Any CPU
		{803E7F50-354B-42B4-A275-1343D27EE09A}.Debug|x86.ActiveCfg = Debug|Any CPU
		{803E7F50-354B-42B4-A275-1343D27EE09A}.Debug|x86.Build.0 = Debug|Any CPU
		{803E7F50-354B-42B4-A275-1343D27EE09A}.Release|Any CPU.ActiveCfg = Release|Any CPU
		{803E7F50-354B-42B4-A275-1343D27EE09A}.Release|Any CPU.Build.0 = Release|Any CPU
		{803E7F50-354B-42B4-A275-1343D27EE09A}.Release|x64.ActiveCfg = Release|Any CPU
		{803E7F50-354B-42B4-A275-1343D27EE09A}.Release|x64.Build.0 = Release|Any CPU
		{803E7F50-354B-42B4-A275-1343D27EE09A}.Release|x86.ActiveCfg = Release|Any CPU
		{803E7F50-354B-42B4-A275-1343D27EE09A}.Release|x86.Build.0 = Release|Any CPU
		{B792D08F-414F-463B-82C4-BEFAB4E94C7C}.Debug|Any CPU.ActiveCfg = Debug|Any CPU
		{B792D08F-414F-463B-82C4-BEFAB4E94C7C}.Debug|Any CPU.Build.0 = Debug|Any CPU
		{B792D08F-414F-463B-82C4-BEFAB4E94C7C}.Debug|x64.ActiveCfg = Debug|Any CPU
		{B792D08F-414F-463B-82C4-BEFAB4E94C7C}.Debug|x64.Build.0 = Debug|Any CPU
		{B792D08F-414F-463B-82C4-BEFAB4E94C7C}.Debug|x86.ActiveCfg = Debug|Any CPU
		{B792D08F-414F-463B-82C4-BEFAB4E94C7C}.Debug|x86.Build.0 = Debug|Any CPU
		{B792D08F-414F-463B-82C4-BEFAB4E94C7C}.Release|Any CPU.ActiveCfg = Release|Any CPU
		{B792D08F-414F-463B-82C4-BEFAB4E94C7C}.Release|Any CPU.Build.0 = Release|Any CPU
		{B792D08F-414F-463B-82C4-BEFAB4E94C7C}.Release|x64.ActiveCfg = Release|Any CPU
		{B792D08F-414F-463B-82C4-BEFAB4E94C7C}.Release|x64.Build.0 = Release|Any CPU
		{B792D08F-414F-463B-82C4-BEFAB4E94C7C}.Release|x86.ActiveCfg = Release|Any CPU
		{B792D08F-414F-463B-82C4-BEFAB4E94C7C}.Release|x86.Build.0 = Release|Any CPU
		{1AD85024-C04E-46D8-A730-C74469C78FA2}.Debug|Any CPU.ActiveCfg = Debug|Any CPU
		{1AD85024-C04E-46D8-A730-C74469C78FA2}.Debug|Any CPU.Build.0 = Debug|Any CPU
		{1AD85024-C04E-46D8-A730-C74469C78FA2}.Debug|x64.ActiveCfg = Debug|Any CPU
		{1AD85024-C04E-46D8-A730-C74469C78FA2}.Debug|x64.Build.0 = Debug|Any CPU
		{1AD85024-C04E-46D8-A730-C74469C78FA2}.Debug|x86.ActiveCfg = Debug|Any CPU
		{1AD85024-C04E-46D8-A730-C74469C78FA2}.Debug|x86.Build.0 = Debug|Any CPU
		{1AD85024-C04E-46D8-A730-C74469C78FA2}.Release|Any CPU.ActiveCfg = Release|Any CPU
		{1AD85024-C04E-46D8-A730-C74469C78FA2}.Release|Any CPU.Build.0 = Release|Any CPU
		{1AD85024-C04E-46D8-A730-C74469C78FA2}.Release|x64.ActiveCfg = Release|Any CPU
		{1AD85024-C04E-46D8-A730-C74469C78FA2}.Release|x64.Build.0 = Release|Any CPU
		{1AD85024-C04E-46D8-A730-C74469C78FA2}.Release|x86.ActiveCfg = Release|Any CPU
		{1AD85024-C04E-46D8-A730-C74469C78FA2}.Release|x86.Build.0 = Release|Any CPU
	EndGlobalSection
	GlobalSection(SolutionProperties) = preSolution
		HideSolutionNode = FALSE
	EndGlobalSection
EndGlobal
